<?xml version="1.0" encoding="UTF-8"?>
<!DOCTYPE plist PUBLIC "-//Apple//DTD PLIST 1.0//EN" "http://www.apple.com/DTDs/PropertyList-1.0.dtd">
<plist version="1.0">
<dict>
	<key>archiveVersion</key>
	<string>1</string>
	<key>classes</key>
	<dict/>
	<key>objectVersion</key>
	<string>46</string>
	<key>objects</key>
	<dict>
		<key>09E336DC477E6AFF580824D7</key>
		<dict>
			<key>children</key>
			<array>
				<string>DA359F7659B2594C85DF1491</string>
			</array>
			<key>isa</key>
			<string>PBXGroup</string>
			<key>name</key>
			<string>Frameworks</string>
			<key>sourceTree</key>
			<string>&lt;group&gt;</string>
		</dict>
		<key>23B2D9FDDBD164846A68D014</key>
		<dict>
			<key>children</key>
			<array>
				<string>8FC7B8E77F56D9E9C7F87E0D</string>
				<string>B9F438367737311E39058360</string>
			</array>
			<key>isa</key>
			<string>PBXGroup</string>
			<key>name</key>
			<string>Pods</string>
			<key>sourceTree</key>
			<string>&lt;group&gt;</string>
		</dict>
		<key>3CB0C2EDCA4EBF9D2A8D5EAF</key>
		<dict>
			<key>buildActionMask</key>
			<string>2147483647</string>
			<key>files</key>
			<array/>
			<key>inputPaths</key>
			<array/>
			<key>isa</key>
			<string>PBXShellScriptBuildPhase</string>
			<key>name</key>
			<string>Check Pods Manifest.lock</string>
			<key>outputPaths</key>
			<array/>
			<key>runOnlyForDeploymentPostprocessing</key>
			<string>0</string>
			<key>shellPath</key>
			<string>/bin/sh</string>
			<key>shellScript</key>
			<string>diff "${PODS_ROOT}/../Podfile.lock" "${PODS_ROOT}/Manifest.lock" &gt; /dev/null
if [[ $? != 0 ]] ; then
    cat &lt;&lt; EOM
error: The sandbox is not in sync with the Podfile.lock. Run 'pod install' or update your CocoaPods installation.
EOM
    exit 1
fi
</string>
			<key>showEnvVarsInLog</key>
			<string>0</string>
		</dict>
		<key>737D780CC9428F3EE24F4956</key>
		<dict>
			<key>buildActionMask</key>
			<string>2147483647</string>
			<key>files</key>
			<array/>
			<key>inputPaths</key>
			<array/>
			<key>isa</key>
			<string>PBXShellScriptBuildPhase</string>
			<key>name</key>
			<string>Copy Pods Resources</string>
			<key>outputPaths</key>
			<array/>
			<key>runOnlyForDeploymentPostprocessing</key>
			<string>0</string>
			<key>shellPath</key>
			<string>/bin/sh</string>
			<key>shellScript</key>
			<string>"${SRCROOT}/Pods/Target Support Files/Pods/Pods-resources.sh"
</string>
			<key>showEnvVarsInLog</key>
			<string>0</string>
		</dict>
		<key>7FB845134F5277C38084FA2B</key>
		<dict>
			<key>fileRef</key>
			<string>DA359F7659B2594C85DF1491</string>
			<key>isa</key>
			<string>PBXBuildFile</string>
		</dict>
		<key>8FC7B8E77F56D9E9C7F87E0D</key>
		<dict>
			<key>includeInIndex</key>
			<string>1</string>
			<key>isa</key>
			<string>PBXFileReference</string>
			<key>lastKnownFileType</key>
			<string>text.xcconfig</string>
			<key>name</key>
			<string>Pods.debug.xcconfig</string>
			<key>path</key>
			<string>Pods/Target Support Files/Pods/Pods.debug.xcconfig</string>
			<key>sourceTree</key>
			<string>&lt;group&gt;</string>
		</dict>
		<key>B9F438367737311E39058360</key>
		<dict>
			<key>includeInIndex</key>
			<string>1</string>
			<key>isa</key>
			<string>PBXFileReference</string>
			<key>lastKnownFileType</key>
			<string>text.xcconfig</string>
			<key>name</key>
			<string>Pods.release.xcconfig</string>
			<key>path</key>
			<string>Pods/Target Support Files/Pods/Pods.release.xcconfig</string>
			<key>sourceTree</key>
			<string>&lt;group&gt;</string>
		</dict>
		<key>DA359F7659B2594C85DF1491</key>
		<dict>
			<key>explicitFileType</key>
			<string>archive.ar</string>
			<key>includeInIndex</key>
			<string>0</string>
			<key>isa</key>
			<string>PBXFileReference</string>
			<key>path</key>
			<string>libPods.a</string>
			<key>sourceTree</key>
			<string>BUILT_PRODUCTS_DIR</string>
		</dict>
		<key>EB8326E719FF379900D4E045</key>
		<dict>
			<key>fileEncoding</key>
			<string>4</string>
			<key>isa</key>
			<string>PBXFileReference</string>
			<key>lastKnownFileType</key>
			<string>sourcecode.c.h</string>
			<key>path</key>
			<string>FlipLabel.h</string>
			<key>sourceTree</key>
			<string>&lt;group&gt;</string>
		</dict>
		<key>EB8326E819FF379900D4E045</key>
		<dict>
			<key>fileEncoding</key>
			<string>4</string>
			<key>isa</key>
			<string>PBXFileReference</string>
			<key>lastKnownFileType</key>
			<string>sourcecode.c.objc</string>
			<key>path</key>
			<string>FlipLabel.m</string>
			<key>sourceTree</key>
			<string>&lt;group&gt;</string>
		</dict>
		<key>EB8326E919FF379900D4E045</key>
		<dict>
			<key>fileRef</key>
			<string>EB8326E819FF379900D4E045</string>
			<key>isa</key>
			<string>PBXBuildFile</string>
		</dict>
		<key>EB8326EA19FF981800D4E045</key>
		<dict>
			<key>fileEncoding</key>
			<string>4</string>
			<key>isa</key>
			<string>PBXFileReference</string>
			<key>lastKnownFileType</key>
			<string>sourcecode.c.h</string>
			<key>path</key>
			<string>CAViewController.h</string>
			<key>sourceTree</key>
			<string>&lt;group&gt;</string>
		</dict>
		<key>EB8326EB19FF981800D4E045</key>
		<dict>
			<key>fileEncoding</key>
			<string>4</string>
			<key>isa</key>
			<string>PBXFileReference</string>
			<key>lastKnownFileType</key>
			<string>sourcecode.c.objc</string>
			<key>path</key>
			<string>CAViewController.m</string>
			<key>sourceTree</key>
			<string>&lt;group&gt;</string>
		</dict>
		<key>EB8326EC19FF981800D4E045</key>
		<dict>
			<key>fileRef</key>
			<string>EB8326EB19FF981800D4E045</string>
			<key>isa</key>
			<string>PBXBuildFile</string>
		</dict>
		<key>EB8326ED19FF9E4500D4E045</key>
		<dict>
			<key>isa</key>
			<string>PBXFileReference</string>
			<key>lastKnownFileType</key>
			<string>image.png</string>
			<key>path</key>
			<string>avatar.png</string>
			<key>sourceTree</key>
			<string>&lt;group&gt;</string>
		</dict>
		<key>EB8326EE19FF9E4500D4E045</key>
		<dict>
			<key>fileRef</key>
			<string>EB8326ED19FF9E4500D4E045</string>
			<key>isa</key>
			<string>PBXBuildFile</string>
		</dict>
		<key>EB8326EF1A008AED00D4E045</key>
		<dict>
			<key>fileEncoding</key>
			<string>4</string>
			<key>isa</key>
			<string>PBXFileReference</string>
			<key>lastKnownFileType</key>
			<string>sourcecode.c.h</string>
			<key>path</key>
			<string>KCLayer.h</string>
			<key>sourceTree</key>
			<string>&lt;group&gt;</string>
		</dict>
		<key>EB8326F01A008AED00D4E045</key>
		<dict>
			<key>fileEncoding</key>
			<string>4</string>
			<key>isa</key>
			<string>PBXFileReference</string>
			<key>lastKnownFileType</key>
			<string>sourcecode.c.objc</string>
			<key>path</key>
			<string>KCLayer.m</string>
			<key>sourceTree</key>
			<string>&lt;group&gt;</string>
		</dict>
		<key>EB8326F11A008AED00D4E045</key>
		<dict>
			<key>fileRef</key>
			<string>EB8326F01A008AED00D4E045</string>
			<key>isa</key>
			<string>PBXBuildFile</string>
		</dict>
		<key>EB8326F21A00C99B00D4E045</key>
		<dict>
			<key>fileEncoding</key>
			<string>4</string>
			<key>isa</key>
			<string>PBXFileReference</string>
			<key>lastKnownFileType</key>
			<string>sourcecode.c.h</string>
			<key>path</key>
			<string>CubeViewController.h</string>
			<key>sourceTree</key>
			<string>&lt;group&gt;</string>
		</dict>
		<key>EB8326F31A00C99B00D4E045</key>
		<dict>
			<key>fileEncoding</key>
			<string>4</string>
			<key>isa</key>
			<string>PBXFileReference</string>
			<key>lastKnownFileType</key>
			<string>sourcecode.c.objc</string>
			<key>path</key>
			<string>CubeViewController.m</string>
			<key>sourceTree</key>
			<string>&lt;group&gt;</string>
		</dict>
		<key>EB8326F41A00C99B00D4E045</key>
		<dict>
			<key>fileRef</key>
			<string>EB8326F31A00C99B00D4E045</string>
			<key>isa</key>
			<string>PBXBuildFile</string>
		</dict>
		<key>EB8326F51A00D5A800D4E045</key>
		<dict>
			<key>isa</key>
			<string>PBXFileReference</string>
			<key>lastKnownFileType</key>
			<string>image.jpeg</string>
			<key>path</key>
			<string>pic0.jpg</string>
			<key>sourceTree</key>
			<string>&lt;group&gt;</string>
		</dict>
		<key>EB8326F61A00D5A800D4E045</key>
		<dict>
			<key>isa</key>
			<string>PBXFileReference</string>
			<key>lastKnownFileType</key>
			<string>image.jpeg</string>
			<key>path</key>
			<string>pic1.jpg</string>
			<key>sourceTree</key>
			<string>&lt;group&gt;</string>
		</dict>
		<key>EB8326F71A00D5A800D4E045</key>
		<dict>
			<key>isa</key>
			<string>PBXFileReference</string>
			<key>lastKnownFileType</key>
			<string>image.jpeg</string>
			<key>path</key>
			<string>pic2.jpg</string>
			<key>sourceTree</key>
			<string>&lt;group&gt;</string>
		</dict>
		<key>EB8326F81A00D5A800D4E045</key>
		<dict>
			<key>isa</key>
			<string>PBXFileReference</string>
			<key>lastKnownFileType</key>
			<string>image.jpeg</string>
			<key>path</key>
			<string>pic3.jpg</string>
			<key>sourceTree</key>
			<string>&lt;group&gt;</string>
		</dict>
		<key>EB8326F91A00D5A800D4E045</key>
		<dict>
			<key>isa</key>
			<string>PBXFileReference</string>
			<key>lastKnownFileType</key>
			<string>image.jpeg</string>
			<key>path</key>
			<string>pic4.jpg</string>
			<key>sourceTree</key>
			<string>&lt;group&gt;</string>
		</dict>
		<key>EB8326FA1A00D5A800D4E045</key>
		<dict>
			<key>isa</key>
			<string>PBXFileReference</string>
			<key>lastKnownFileType</key>
			<string>image.jpeg</string>
			<key>path</key>
			<string>pic5.jpg</string>
			<key>sourceTree</key>
			<string>&lt;group&gt;</string>
		</dict>
		<key>EB8326FB1A00D5A800D4E045</key>
		<dict>
			<key>fileRef</key>
			<string>EB8326F51A00D5A800D4E045</string>
			<key>isa</key>
			<string>PBXBuildFile</string>
		</dict>
		<key>EB8326FC1A00D5A800D4E045</key>
		<dict>
			<key>fileRef</key>
			<string>EB8326F61A00D5A800D4E045</string>
			<key>isa</key>
			<string>PBXBuildFile</string>
		</dict>
		<key>EB8326FD1A00D5A800D4E045</key>
		<dict>
			<key>fileRef</key>
			<string>EB8326F71A00D5A800D4E045</string>
			<key>isa</key>
			<string>PBXBuildFile</string>
		</dict>
		<key>EB8326FE1A00D5A800D4E045</key>
		<dict>
			<key>fileRef</key>
			<string>EB8326F81A00D5A800D4E045</string>
			<key>isa</key>
			<string>PBXBuildFile</string>
		</dict>
		<key>EB8326FF1A00D5A800D4E045</key>
		<dict>
			<key>fileRef</key>
			<string>EB8326F91A00D5A800D4E045</string>
			<key>isa</key>
			<string>PBXBuildFile</string>
		</dict>
		<key>EB8327001A00D5A800D4E045</key>
		<dict>
			<key>fileRef</key>
			<string>EB8326FA1A00D5A800D4E045</string>
			<key>isa</key>
			<string>PBXBuildFile</string>
		</dict>
		<key>EBA567FB19F75FAC00EA3892</key>
		<dict>
			<key>fileEncoding</key>
			<string>4</string>
			<key>isa</key>
			<string>PBXFileReference</string>
			<key>lastKnownFileType</key>
			<string>sourcecode.c.h</string>
			<key>path</key>
			<string>HomeViewController.h</string>
			<key>sourceTree</key>
			<string>&lt;group&gt;</string>
		</dict>
		<key>EBA567FC19F75FAC00EA3892</key>
		<dict>
			<key>fileEncoding</key>
			<string>4</string>
			<key>isa</key>
			<string>PBXFileReference</string>
			<key>lastKnownFileType</key>
			<string>sourcecode.c.objc</string>
			<key>path</key>
			<string>HomeViewController.m</string>
			<key>sourceTree</key>
			<string>&lt;group&gt;</string>
		</dict>
		<key>EBA567FD19F75FAC00EA3892</key>
		<dict>
			<key>fileRef</key>
			<string>EBA567FC19F75FAC00EA3892</string>
			<key>isa</key>
			<string>PBXBuildFile</string>
		</dict>
		<key>EBA5683719F8B76600EA3892</key>
		<dict>
			<key>children</key>
			<array>
				<string>EBA5683819F8B76600EA3892</string>
			</array>
			<key>isa</key>
			<string>PBXGroup</string>
			<key>path</key>
			<string>Resource</string>
			<key>sourceTree</key>
			<string>&lt;group&gt;</string>
		</dict>
		<key>EBA5683819F8B76600EA3892</key>
		<dict>
			<key>children</key>
			<array>
				<string>EBBE3B2F1A0212A8007D1FBD</string>
				<string>EB8326F51A00D5A800D4E045</string>
				<string>EB8326F61A00D5A800D4E045</string>
				<string>EB8326F71A00D5A800D4E045</string>
				<string>EB8326F81A00D5A800D4E045</string>
				<string>EB8326F91A00D5A800D4E045</string>
				<string>EB8326FA1A00D5A800D4E045</string>
				<string>EB8326ED19FF9E4500D4E045</string>
				<string>EBA5683D19F8B89700EA3892</string>
				<string>EBA5683E19F8B89700EA3892</string>
				<string>EBA5683919F8B76600EA3892</string>
				<string>EBA5683A19F8B76600EA3892</string>
			</array>
			<key>isa</key>
			<string>PBXGroup</string>
			<key>path</key>
			<string>images</string>
			<key>sourceTree</key>
			<string>&lt;group&gt;</string>
		</dict>
		<key>EBA5683919F8B76600EA3892</key>
		<dict>
			<key>isa</key>
			<string>PBXFileReference</string>
			<key>lastKnownFileType</key>
			<string>image.png</string>
			<key>path</key>
			<string>btn_red.png</string>
			<key>sourceTree</key>
			<string>&lt;group&gt;</string>
		</dict>
		<key>EBA5683A19F8B76600EA3892</key>
		<dict>
			<key>isa</key>
			<string>PBXFileReference</string>
			<key>lastKnownFileType</key>
			<string>image.png</string>
			<key>path</key>
			<string>btn_red@2x.png</string>
			<key>sourceTree</key>
			<string>&lt;group&gt;</string>
		</dict>
		<key>EBA5683B19F8B76600EA3892</key>
		<dict>
			<key>fileRef</key>
			<string>EBA5683919F8B76600EA3892</string>
			<key>isa</key>
			<string>PBXBuildFile</string>
		</dict>
		<key>EBA5683C19F8B76600EA3892</key>
		<dict>
			<key>fileRef</key>
			<string>EBA5683A19F8B76600EA3892</string>
			<key>isa</key>
			<string>PBXBuildFile</string>
		</dict>
		<key>EBA5683D19F8B89700EA3892</key>
		<dict>
			<key>isa</key>
			<string>PBXFileReference</string>
			<key>lastKnownFileType</key>
			<string>image.png</string>
			<key>path</key>
			<string>btn_red_hl.png</string>
			<key>sourceTree</key>
			<string>&lt;group&gt;</string>
		</dict>
		<key>EBA5683E19F8B89700EA3892</key>
		<dict>
			<key>isa</key>
			<string>PBXFileReference</string>
			<key>lastKnownFileType</key>
			<string>image.png</string>
			<key>path</key>
			<string>btn_red_hl@2x.png</string>
			<key>sourceTree</key>
			<string>&lt;group&gt;</string>
		</dict>
		<key>EBA5683F19F8B89700EA3892</key>
		<dict>
			<key>fileRef</key>
			<string>EBA5683D19F8B89700EA3892</string>
			<key>isa</key>
			<string>PBXBuildFile</string>
		</dict>
		<key>EBA5684019F8B89700EA3892</key>
		<dict>
			<key>fileRef</key>
			<string>EBA5683E19F8B89700EA3892</string>
			<key>isa</key>
			<string>PBXBuildFile</string>
		</dict>
		<key>EBA5684119FA343C00EA3892</key>
		<dict>
			<key>fileEncoding</key>
			<string>4</string>
			<key>isa</key>
			<string>PBXFileReference</string>
			<key>lastKnownFileType</key>
			<string>sourcecode.c.h</string>
			<key>path</key>
			<string>CustomScrollView.h</string>
			<key>sourceTree</key>
			<string>&lt;group&gt;</string>
		</dict>
		<key>EBA5684219FA343C00EA3892</key>
		<dict>
			<key>fileEncoding</key>
			<string>4</string>
			<key>isa</key>
			<string>PBXFileReference</string>
			<key>lastKnownFileType</key>
			<string>sourcecode.c.objc</string>
			<key>path</key>
			<string>CustomScrollView.m</string>
			<key>sourceTree</key>
			<string>&lt;group&gt;</string>
		</dict>
		<key>EBA5684319FA343C00EA3892</key>
		<dict>
			<key>fileRef</key>
			<string>EBA5684219FA343C00EA3892</string>
			<key>isa</key>
			<string>PBXBuildFile</string>
		</dict>
		<key>EBA5684419FA3B2900EA3892</key>
		<dict>
			<key>fileEncoding</key>
			<string>4</string>
			<key>isa</key>
			<string>PBXFileReference</string>
			<key>lastKnownFileType</key>
			<string>sourcecode.c.h</string>
			<key>path</key>
			<string>PanViewController.h</string>
			<key>sourceTree</key>
			<string>&lt;group&gt;</string>
		</dict>
		<key>EBA5684519FA3B2900EA3892</key>
		<dict>
			<key>fileEncoding</key>
			<string>4</string>
			<key>isa</key>
			<string>PBXFileReference</string>
			<key>lastKnownFileType</key>
			<string>sourcecode.c.objc</string>
			<key>path</key>
			<string>PanViewController.m</string>
			<key>sourceTree</key>
			<string>&lt;group&gt;</string>
		</dict>
		<key>EBA5684619FA3B2900EA3892</key>
		<dict>
			<key>fileRef</key>
			<string>EBA5684519FA3B2900EA3892</string>
			<key>isa</key>
			<string>PBXBuildFile</string>
		</dict>
		<key>EBBE3B2C1A0205F1007D1FBD</key>
		<dict>
			<key>fileEncoding</key>
			<string>4</string>
			<key>isa</key>
			<string>PBXFileReference</string>
			<key>lastKnownFileType</key>
			<string>sourcecode.c.h</string>
			<key>path</key>
			<string>MaskViewController.h</string>
			<key>sourceTree</key>
			<string>&lt;group&gt;</string>
		</dict>
		<key>EBBE3B2D1A0205F1007D1FBD</key>
		<dict>
			<key>fileEncoding</key>
			<string>4</string>
			<key>isa</key>
			<string>PBXFileReference</string>
			<key>lastKnownFileType</key>
			<string>sourcecode.c.objc</string>
			<key>path</key>
			<string>MaskViewController.m</string>
			<key>sourceTree</key>
			<string>&lt;group&gt;</string>
		</dict>
		<key>EBBE3B2E1A0205F1007D1FBD</key>
		<dict>
			<key>fileRef</key>
			<string>EBBE3B2D1A0205F1007D1FBD</string>
			<key>isa</key>
			<string>PBXBuildFile</string>
		</dict>
		<key>EBBE3B2F1A0212A8007D1FBD</key>
		<dict>
			<key>isa</key>
			<string>PBXFileReference</string>
			<key>lastKnownFileType</key>
			<string>image.png</string>
			<key>path</key>
			<string>pattern.png</string>
			<key>sourceTree</key>
			<string>&lt;group&gt;</string>
		</dict>
		<key>EBBE3B301A0212A8007D1FBD</key>
		<dict>
			<key>fileRef</key>
			<string>EBBE3B2F1A0212A8007D1FBD</string>
			<key>isa</key>
			<string>PBXBuildFile</string>
		</dict>
		<key>EBC341C019F504DC000B766C</key>
		<dict>
			<key>children</key>
			<array>
				<string>EBC341CB19F504DC000B766C</string>
				<string>EBC341E519F504DC000B766C</string>
				<string>EBC341CA19F504DC000B766C</string>
				<string>23B2D9FDDBD164846A68D014</string>
				<string>09E336DC477E6AFF580824D7</string>
			</array>
			<key>isa</key>
			<string>PBXGroup</string>
			<key>sourceTree</key>
			<string>&lt;group&gt;</string>
		</dict>
		<key>EBC341C119F504DC000B766C</key>
		<dict>
			<key>attributes</key>
			<dict>
				<key>LastUpgradeCheck</key>
				<string>0610</string>
				<key>ORGANIZATIONNAME</key>
				<string>yiliao6</string>
				<key>TargetAttributes</key>
				<dict>
					<key>EBC341C819F504DC000B766C</key>
					<dict>
						<key>CreatedOnToolsVersion</key>
						<string>6.1</string>
					</dict>
					<key>EBC341E119F504DC000B766C</key>
					<dict>
						<key>CreatedOnToolsVersion</key>
						<string>6.1</string>
						<key>TestTargetID</key>
						<string>EBC341C819F504DC000B766C</string>
					</dict>
				</dict>
			</dict>
			<key>buildConfigurationList</key>
			<string>EBC341C419F504DC000B766C</string>
			<key>compatibilityVersion</key>
			<string>Xcode 3.2</string>
			<key>developmentRegion</key>
			<string>English</string>
			<key>hasScannedForEncodings</key>
			<string>0</string>
			<key>isa</key>
			<string>PBXProject</string>
			<key>knownRegions</key>
			<array>
				<string>en</string>
				<string>Base</string>
			</array>
			<key>mainGroup</key>
			<string>EBC341C019F504DC000B766C</string>
			<key>productRefGroup</key>
			<string>EBC341CA19F504DC000B766C</string>
			<key>projectDirPath</key>
			<string></string>
			<key>projectReferences</key>
			<array/>
			<key>projectRoot</key>
			<string></string>
			<key>targets</key>
			<array>
				<string>EBC341C819F504DC000B766C</string>
				<string>EBC341E119F504DC000B766C</string>
			</array>
		</dict>
		<key>EBC341C419F504DC000B766C</key>
		<dict>
			<key>buildConfigurations</key>
			<array>
				<string>EBC341EA19F504DC000B766C</string>
				<string>EBC341EB19F504DC000B766C</string>
			</array>
			<key>defaultConfigurationIsVisible</key>
			<string>0</string>
			<key>defaultConfigurationName</key>
			<string>Release</string>
			<key>isa</key>
			<string>XCConfigurationList</string>
		</dict>
		<key>EBC341C519F504DC000B766C</key>
		<dict>
			<key>buildActionMask</key>
			<string>2147483647</string>
			<key>files</key>
			<array>
				<string>EB8326F11A008AED00D4E045</string>
				<string>EB8326EC19FF981800D4E045</string>
				<string>EBA5684619FA3B2900EA3892</string>
				<string>EBC341D519F504DC000B766C</string>
				<string>EBC341D219F504DC000B766C</string>
				<string>EBA5684319FA343C00EA3892</string>
				<string>EBBE3B2E1A0205F1007D1FBD</string>
				<string>EB8326E919FF379900D4E045</string>
				<string>EB8326F41A00C99B00D4E045</string>
				<string>EBC341CF19F504DC000B766C</string>
				<string>EBA567FD19F75FAC00EA3892</string>
			</array>
			<key>isa</key>
			<string>PBXSourcesBuildPhase</string>
			<key>runOnlyForDeploymentPostprocessing</key>
			<string>0</string>
		</dict>
		<key>EBC341C619F504DC000B766C</key>
		<dict>
			<key>buildActionMask</key>
			<string>2147483647</string>
			<key>files</key>
			<array>
				<string>7FB845134F5277C38084FA2B</string>
			</array>
			<key>isa</key>
			<string>PBXFrameworksBuildPhase</string>
			<key>runOnlyForDeploymentPostprocessing</key>
			<string>0</string>
		</dict>
		<key>EBC341C719F504DC000B766C</key>
		<dict>
			<key>buildActionMask</key>
			<string>2147483647</string>
			<key>files</key>
			<array>
				<string>EBA5683B19F8B76600EA3892</string>
				<string>EB8326FD1A00D5A800D4E045</string>
				<string>EBBE3B301A0212A8007D1FBD</string>
				<string>EB8326EE19FF9E4500D4E045</string>
				<string>EBA5683F19F8B89700EA3892</string>
				<string>EB8326FB1A00D5A800D4E045</string>
				<string>EB8326FC1A00D5A800D4E045</string>
				<string>EBA5683C19F8B76600EA3892</string>
				<string>EB8326FF1A00D5A800D4E045</string>
				<string>EB8326FE1A00D5A800D4E045</string>
				<string>EBC341DD19F504DC000B766C</string>
				<string>EBC341DA19F504DC000B766C</string>
				<string>EB8327001A00D5A800D4E045</string>
				<string>EBA5684019F8B89700EA3892</string>
			</array>
			<key>isa</key>
			<string>PBXResourcesBuildPhase</string>
			<key>runOnlyForDeploymentPostprocessing</key>
			<string>0</string>
		</dict>
		<key>EBC341C819F504DC000B766C</key>
		<dict>
			<key>buildConfigurationList</key>
			<string>EBC341EC19F504DC000B766C</string>
			<key>buildPhases</key>
			<array>
				<string>3CB0C2EDCA4EBF9D2A8D5EAF</string>
				<string>EBC341C519F504DC000B766C</string>
				<string>EBC341C619F504DC000B766C</string>
				<string>EBC341C719F504DC000B766C</string>
				<string>737D780CC9428F3EE24F4956</string>
			</array>
			<key>buildRules</key>
			<array/>
			<key>dependencies</key>
			<array/>
			<key>isa</key>
			<string>PBXNativeTarget</string>
			<key>name</key>
			<string>tester</string>
			<key>productName</key>
			<string>tester</string>
			<key>productReference</key>
			<string>EBC341C919F504DC000B766C</string>
			<key>productType</key>
			<string>com.apple.product-type.application</string>
		</dict>
		<key>EBC341C919F504DC000B766C</key>
		<dict>
			<key>explicitFileType</key>
			<string>wrapper.application</string>
			<key>includeInIndex</key>
			<string>0</string>
			<key>isa</key>
			<string>PBXFileReference</string>
			<key>path</key>
			<string>tester.app</string>
			<key>sourceTree</key>
			<string>BUILT_PRODUCTS_DIR</string>
		</dict>
		<key>EBC341CA19F504DC000B766C</key>
		<dict>
			<key>children</key>
			<array>
				<string>EBC341C919F504DC000B766C</string>
				<string>EBC341E219F504DC000B766C</string>
			</array>
			<key>isa</key>
			<string>PBXGroup</string>
			<key>name</key>
			<string>Products</string>
			<key>sourceTree</key>
			<string>&lt;group&gt;</string>
		</dict>
		<key>EBC341CB19F504DC000B766C</key>
		<dict>
			<key>children</key>
			<array>
				<string>EBC341D019F504DC000B766C</string>
				<string>EBC341D119F504DC000B766C</string>
				<string>EB8326EA19FF981800D4E045</string>
				<string>EB8326EB19FF981800D4E045</string>
				<string>EB8326F21A00C99B00D4E045</string>
				<string>EB8326F31A00C99B00D4E045</string>
				<string>EBA5684119FA343C00EA3892</string>
				<string>EBA5684219FA343C00EA3892</string>
				<string>EB8326E719FF379900D4E045</string>
				<string>EB8326E819FF379900D4E045</string>
				<string>EBA567FB19F75FAC00EA3892</string>
				<string>EBA567FC19F75FAC00EA3892</string>
				<string>EBC341D919F504DC000B766C</string>
				<string>EB8326EF1A008AED00D4E045</string>
				<string>EB8326F01A008AED00D4E045</string>
				<string>EBC341DB19F504DC000B766C</string>
				<string>EBBE3B2C1A0205F1007D1FBD</string>
				<string>EBBE3B2D1A0205F1007D1FBD</string>
				<string>EBA5684419FA3B2900EA3892</string>
				<string>EBA5684519FA3B2900EA3892</string>
				<string>EBA5683719F8B76600EA3892</string>
				<string>EBC341CC19F504DC000B766C</string>
				<string>EBC341D319F504DC000B766C</string>
				<string>EBC341D419F504DC000B766C</string>
			</array>
			<key>isa</key>
			<string>PBXGroup</string>
			<key>path</key>
			<string>tester</string>
			<key>sourceTree</key>
			<string>&lt;group&gt;</string>
		</dict>
		<key>EBC341CC19F504DC000B766C</key>
		<dict>
			<key>children</key>
			<array>
				<string>EBC341CD19F504DC000B766C</string>
				<string>EBC341CE19F504DC000B766C</string>
			</array>
			<key>isa</key>
			<string>PBXGroup</string>
			<key>name</key>
			<string>Supporting Files</string>
			<key>sourceTree</key>
			<string>&lt;group&gt;</string>
		</dict>
		<key>EBC341CD19F504DC000B766C</key>
		<dict>
			<key>isa</key>
			<string>PBXFileReference</string>
			<key>lastKnownFileType</key>
			<string>text.plist.xml</string>
			<key>path</key>
			<string>Info.plist</string>
			<key>sourceTree</key>
			<string>&lt;group&gt;</string>
		</dict>
		<key>EBC341CE19F504DC000B766C</key>
		<dict>
			<key>isa</key>
			<string>PBXFileReference</string>
			<key>lastKnownFileType</key>
			<string>sourcecode.c.objc</string>
			<key>path</key>
			<string>main.m</string>
			<key>sourceTree</key>
			<string>&lt;group&gt;</string>
		</dict>
		<key>EBC341CF19F504DC000B766C</key>
		<dict>
			<key>fileRef</key>
			<string>EBC341CE19F504DC000B766C</string>
			<key>isa</key>
			<string>PBXBuildFile</string>
		</dict>
		<key>EBC341D019F504DC000B766C</key>
		<dict>
			<key>isa</key>
			<string>PBXFileReference</string>
			<key>lastKnownFileType</key>
			<string>sourcecode.c.h</string>
			<key>path</key>
			<string>AppDelegate.h</string>
			<key>sourceTree</key>
			<string>&lt;group&gt;</string>
		</dict>
		<key>EBC341D119F504DC000B766C</key>
		<dict>
			<key>isa</key>
			<string>PBXFileReference</string>
			<key>lastKnownFileType</key>
			<string>sourcecode.c.objc</string>
			<key>path</key>
			<string>AppDelegate.m</string>
			<key>sourceTree</key>
			<string>&lt;group&gt;</string>
		</dict>
		<key>EBC341D219F504DC000B766C</key>
		<dict>
			<key>fileRef</key>
			<string>EBC341D119F504DC000B766C</string>
			<key>isa</key>
			<string>PBXBuildFile</string>
		</dict>
		<key>EBC341D319F504DC000B766C</key>
		<dict>
			<key>isa</key>
			<string>PBXFileReference</string>
			<key>lastKnownFileType</key>
			<string>sourcecode.c.h</string>
			<key>path</key>
			<string>ViewController.h</string>
			<key>sourceTree</key>
			<string>&lt;group&gt;</string>
		</dict>
		<key>EBC341D419F504DC000B766C</key>
		<dict>
			<key>isa</key>
			<string>PBXFileReference</string>
			<key>lastKnownFileType</key>
			<string>sourcecode.c.objc</string>
			<key>path</key>
			<string>ViewController.m</string>
			<key>sourceTree</key>
			<string>&lt;group&gt;</string>
		</dict>
		<key>EBC341D519F504DC000B766C</key>
		<dict>
			<key>fileRef</key>
			<string>EBC341D419F504DC000B766C</string>
			<key>isa</key>
			<string>PBXBuildFile</string>
		</dict>
		<key>EBC341D919F504DC000B766C</key>
		<dict>
			<key>isa</key>
			<string>PBXFileReference</string>
			<key>lastKnownFileType</key>
			<string>folder.assetcatalog</string>
			<key>path</key>
			<string>Images.xcassets</string>
			<key>sourceTree</key>
			<string>&lt;group&gt;</string>
		</dict>
		<key>EBC341DA19F504DC000B766C</key>
		<dict>
			<key>fileRef</key>
			<string>EBC341D919F504DC000B766C</string>
			<key>isa</key>
			<string>PBXBuildFile</string>
		</dict>
		<key>EBC341DB19F504DC000B766C</key>
		<dict>
			<key>children</key>
			<array>
				<string>EBC341DC19F504DC000B766C</string>
			</array>
			<key>isa</key>
			<string>PBXVariantGroup</string>
			<key>name</key>
			<string>LaunchScreen.xib</string>
			<key>sourceTree</key>
			<string>&lt;group&gt;</string>
		</dict>
		<key>EBC341DC19F504DC000B766C</key>
		<dict>
			<key>isa</key>
			<string>PBXFileReference</string>
			<key>lastKnownFileType</key>
			<string>file.xib</string>
			<key>name</key>
			<string>Base</string>
			<key>path</key>
			<string>Base.lproj/LaunchScreen.xib</string>
			<key>sourceTree</key>
			<string>&lt;group&gt;</string>
		</dict>
		<key>EBC341DD19F504DC000B766C</key>
		<dict>
			<key>fileRef</key>
			<string>EBC341DB19F504DC000B766C</string>
			<key>isa</key>
			<string>PBXBuildFile</string>
		</dict>
		<key>EBC341DE19F504DC000B766C</key>
		<dict>
			<key>buildActionMask</key>
			<string>2147483647</string>
			<key>files</key>
			<array>
				<string>EBC341E919F504DC000B766C</string>
			</array>
			<key>isa</key>
			<string>PBXSourcesBuildPhase</string>
			<key>runOnlyForDeploymentPostprocessing</key>
			<string>0</string>
		</dict>
		<key>EBC341DF19F504DC000B766C</key>
		<dict>
			<key>buildActionMask</key>
			<string>2147483647</string>
			<key>files</key>
			<array/>
			<key>isa</key>
			<string>PBXFrameworksBuildPhase</string>
			<key>runOnlyForDeploymentPostprocessing</key>
			<string>0</string>
		</dict>
		<key>EBC341E019F504DC000B766C</key>
		<dict>
			<key>buildActionMask</key>
			<string>2147483647</string>
			<key>files</key>
			<array/>
			<key>isa</key>
			<string>PBXResourcesBuildPhase</string>
			<key>runOnlyForDeploymentPostprocessing</key>
			<string>0</string>
		</dict>
		<key>EBC341E119F504DC000B766C</key>
		<dict>
			<key>buildConfigurationList</key>
			<string>EBC341EF19F504DC000B766C</string>
			<key>buildPhases</key>
			<array>
				<string>EBC341DE19F504DC000B766C</string>
				<string>EBC341DF19F504DC000B766C</string>
				<string>EBC341E019F504DC000B766C</string>
			</array>
			<key>buildRules</key>
			<array/>
			<key>dependencies</key>
			<array>
				<string>EBC341E419F504DC000B766C</string>
			</array>
			<key>isa</key>
			<string>PBXNativeTarget</string>
			<key>name</key>
			<string>testerTests</string>
			<key>productName</key>
			<string>testerTests</string>
			<key>productReference</key>
			<string>EBC341E219F504DC000B766C</string>
			<key>productType</key>
			<string>com.apple.product-type.bundle.unit-test</string>
		</dict>
		<key>EBC341E219F504DC000B766C</key>
		<dict>
			<key>explicitFileType</key>
			<string>wrapper.cfbundle</string>
			<key>includeInIndex</key>
			<string>0</string>
			<key>isa</key>
			<string>PBXFileReference</string>
			<key>path</key>
			<string>testerTests.xctest</string>
			<key>sourceTree</key>
			<string>BUILT_PRODUCTS_DIR</string>
		</dict>
		<key>EBC341E319F504DC000B766C</key>
		<dict>
			<key>containerPortal</key>
			<string>EBC341C119F504DC000B766C</string>
			<key>isa</key>
			<string>PBXContainerItemProxy</string>
			<key>proxyType</key>
			<string>1</string>
			<key>remoteGlobalIDString</key>
			<string>EBC341C819F504DC000B766C</string>
			<key>remoteInfo</key>
			<string>tester</string>
		</dict>
		<key>EBC341E419F504DC000B766C</key>
		<dict>
			<key>isa</key>
			<string>PBXTargetDependency</string>
			<key>target</key>
			<string>EBC341C819F504DC000B766C</string>
			<key>targetProxy</key>
			<string>EBC341E319F504DC000B766C</string>
		</dict>
		<key>EBC341E519F504DC000B766C</key>
		<dict>
			<key>children</key>
			<array>
				<string>EBC341E819F504DC000B766C</string>
				<string>EBC341E619F504DC000B766C</string>
			</array>
			<key>isa</key>
			<string>PBXGroup</string>
			<key>path</key>
			<string>testerTests</string>
			<key>sourceTree</key>
			<string>&lt;group&gt;</string>
		</dict>
		<key>EBC341E619F504DC000B766C</key>
		<dict>
			<key>children</key>
			<array>
				<string>EBC341E719F504DC000B766C</string>
			</array>
			<key>isa</key>
			<string>PBXGroup</string>
			<key>name</key>
			<string>Supporting Files</string>
			<key>sourceTree</key>
			<string>&lt;group&gt;</string>
		</dict>
		<key>EBC341E719F504DC000B766C</key>
		<dict>
			<key>isa</key>
			<string>PBXFileReference</string>
			<key>lastKnownFileType</key>
			<string>text.plist.xml</string>
			<key>path</key>
			<string>Info.plist</string>
			<key>sourceTree</key>
			<string>&lt;group&gt;</string>
		</dict>
		<key>EBC341E819F504DC000B766C</key>
		<dict>
			<key>isa</key>
			<string>PBXFileReference</string>
			<key>lastKnownFileType</key>
			<string>sourcecode.c.objc</string>
			<key>path</key>
			<string>testerTests.m</string>
			<key>sourceTree</key>
			<string>&lt;group&gt;</string>
		</dict>
		<key>EBC341E919F504DC000B766C</key>
		<dict>
			<key>fileRef</key>
			<string>EBC341E819F504DC000B766C</string>
			<key>isa</key>
			<string>PBXBuildFile</string>
		</dict>
		<key>EBC341EA19F504DC000B766C</key>
		<dict>
			<key>buildSettings</key>
			<dict>
				<key>ALWAYS_SEARCH_USER_PATHS</key>
				<string>NO</string>
				<key>CLANG_CXX_LANGUAGE_STANDARD</key>
				<string>gnu++0x</string>
				<key>CLANG_CXX_LIBRARY</key>
				<string>libc++</string>
				<key>CLANG_ENABLE_MODULES</key>
				<string>YES</string>
				<key>CLANG_ENABLE_OBJC_ARC</key>
				<string>YES</string>
				<key>CLANG_WARN_BOOL_CONVERSION</key>
				<string>YES</string>
				<key>CLANG_WARN_CONSTANT_CONVERSION</key>
				<string>YES</string>
				<key>CLANG_WARN_DIRECT_OBJC_ISA_USAGE</key>
				<string>YES_ERROR</string>
				<key>CLANG_WARN_EMPTY_BODY</key>
				<string>YES</string>
				<key>CLANG_WARN_ENUM_CONVERSION</key>
				<string>YES</string>
				<key>CLANG_WARN_INT_CONVERSION</key>
				<string>YES</string>
				<key>CLANG_WARN_OBJC_ROOT_CLASS</key>
				<string>YES_ERROR</string>
				<key>CLANG_WARN_UNREACHABLE_CODE</key>
				<string>YES</string>
				<key>CLANG_WARN__DUPLICATE_METHOD_MATCH</key>
				<string>YES</string>
				<key>CODE_SIGN_IDENTITY[sdk=iphoneos*]</key>
				<string>iPhone Developer</string>
				<key>COPY_PHASE_STRIP</key>
				<string>NO</string>
				<key>ENABLE_STRICT_OBJC_MSGSEND</key>
				<string>YES</string>
				<key>GCC_C_LANGUAGE_STANDARD</key>
				<string>gnu99</string>
				<key>GCC_DYNAMIC_NO_PIC</key>
				<string>NO</string>
				<key>GCC_OPTIMIZATION_LEVEL</key>
				<string>0</string>
				<key>GCC_PREPROCESSOR_DEFINITIONS</key>
				<array>
					<string>DEBUG=1</string>
					<string>$(inherited)</string>
				</array>
				<key>GCC_SYMBOLS_PRIVATE_EXTERN</key>
				<string>NO</string>
				<key>GCC_WARN_64_TO_32_BIT_CONVERSION</key>
				<string>YES</string>
				<key>GCC_WARN_ABOUT_RETURN_TYPE</key>
				<string>YES_ERROR</string>
				<key>GCC_WARN_UNDECLARED_SELECTOR</key>
				<string>YES</string>
				<key>GCC_WARN_UNINITIALIZED_AUTOS</key>
				<string>YES_AGGRESSIVE</string>
				<key>GCC_WARN_UNUSED_FUNCTION</key>
				<string>YES</string>
				<key>GCC_WARN_UNUSED_VARIABLE</key>
				<string>YES</string>
				<key>IPHONEOS_DEPLOYMENT_TARGET</key>
				<string>8.1</string>
				<key>MTL_ENABLE_DEBUG_INFO</key>
				<string>YES</string>
				<key>ONLY_ACTIVE_ARCH</key>
				<string>YES</string>
				<key>SDKROOT</key>
				<string>iphoneos</string>
			</dict>
			<key>isa</key>
			<string>XCBuildConfiguration</string>
			<key>name</key>
			<string>Debug</string>
		</dict>
		<key>EBC341EB19F504DC000B766C</key>
		<dict>
			<key>buildSettings</key>
			<dict>
				<key>ALWAYS_SEARCH_USER_PATHS</key>
				<string>NO</string>
				<key>CLANG_CXX_LANGUAGE_STANDARD</key>
				<string>gnu++0x</string>
				<key>CLANG_CXX_LIBRARY</key>
				<string>libc++</string>
				<key>CLANG_ENABLE_MODULES</key>
				<string>YES</string>
				<key>CLANG_ENABLE_OBJC_ARC</key>
				<string>YES</string>
				<key>CLANG_WARN_BOOL_CONVERSION</key>
				<string>YES</string>
				<key>CLANG_WARN_CONSTANT_CONVERSION</key>
				<string>YES</string>
				<key>CLANG_WARN_DIRECT_OBJC_ISA_USAGE</key>
				<string>YES_ERROR</string>
				<key>CLANG_WARN_EMPTY_BODY</key>
				<string>YES</string>
				<key>CLANG_WARN_ENUM_CONVERSION</key>
				<string>YES</string>
				<key>CLANG_WARN_INT_CONVERSION</key>
				<string>YES</string>
				<key>CLANG_WARN_OBJC_ROOT_CLASS</key>
				<string>YES_ERROR</string>
				<key>CLANG_WARN_UNREACHABLE_CODE</key>
				<string>YES</string>
				<key>CLANG_WARN__DUPLICATE_METHOD_MATCH</key>
				<string>YES</string>
				<key>CODE_SIGN_IDENTITY[sdk=iphoneos*]</key>
				<string>iPhone Developer</string>
				<key>COPY_PHASE_STRIP</key>
				<string>YES</string>
				<key>ENABLE_NS_ASSERTIONS</key>
				<string>NO</string>
				<key>ENABLE_STRICT_OBJC_MSGSEND</key>
				<string>YES</string>
				<key>GCC_C_LANGUAGE_STANDARD</key>
				<string>gnu99</string>
				<key>GCC_WARN_64_TO_32_BIT_CONVERSION</key>
				<string>YES</string>
				<key>GCC_WARN_ABOUT_RETURN_TYPE</key>
				<string>YES_ERROR</string>
				<key>GCC_WARN_UNDECLARED_SELECTOR</key>
				<string>YES</string>
				<key>GCC_WARN_UNINITIALIZED_AUTOS</key>
				<string>YES_AGGRESSIVE</string>
				<key>GCC_WARN_UNUSED_FUNCTION</key>
				<string>YES</string>
				<key>GCC_WARN_UNUSED_VARIABLE</key>
				<string>YES</string>
				<key>IPHONEOS_DEPLOYMENT_TARGET</key>
				<string>8.1</string>
				<key>MTL_ENABLE_DEBUG_INFO</key>
				<string>NO</string>
				<key>SDKROOT</key>
				<string>iphoneos</string>
				<key>VALIDATE_PRODUCT</key>
				<string>YES</string>
			</dict>
			<key>isa</key>
			<string>XCBuildConfiguration</string>
			<key>name</key>
			<string>Release</string>
		</dict>
		<key>EBC341EC19F504DC000B766C</key>
		<dict>
			<key>buildConfigurations</key>
			<array>
				<string>EBC341ED19F504DC000B766C</string>
				<string>EBC341EE19F504DC000B766C</string>
			</array>
			<key>defaultConfigurationIsVisible</key>
			<string>0</string>
			<key>defaultConfigurationName</key>
			<string>Release</string>
			<key>isa</key>
			<string>XCConfigurationList</string>
		</dict>
		<key>EBC341ED19F504DC000B766C</key>
		<dict>
			<key>baseConfigurationReference</key>
			<string>8FC7B8E77F56D9E9C7F87E0D</string>
			<key>buildSettings</key>
			<dict>
				<key>ASSETCATALOG_COMPILER_APPICON_NAME</key>
				<string>AppIcon</string>
				<key>INFOPLIST_FILE</key>
				<string>tester/Info.plist</string>
				<key>LD_RUNPATH_SEARCH_PATHS</key>
				<string>$(inherited) @executable_path/Frameworks</string>
				<key>PRODUCT_NAME</key>
				<string>$(TARGET_NAME)</string>
			</dict>
			<key>isa</key>
			<string>XCBuildConfiguration</string>
			<key>name</key>
			<string>Debug</string>
		</dict>
		<key>EBC341EE19F504DC000B766C</key>
		<dict>
			<key>baseConfigurationReference</key>
			<string>B9F438367737311E39058360</string>
			<key>buildSettings</key>
			<dict>
				<key>ASSETCATALOG_COMPILER_APPICON_NAME</key>
				<string>AppIcon</string>
				<key>INFOPLIST_FILE</key>
				<string>tester/Info.plist</string>
				<key>LD_RUNPATH_SEARCH_PATHS</key>
				<string>$(inherited) @executable_path/Frameworks</string>
				<key>PRODUCT_NAME</key>
				<string>$(TARGET_NAME)</string>
			</dict>
			<key>isa</key>
			<string>XCBuildConfiguration</string>
			<key>name</key>
			<string>Release</string>
		</dict>
		<key>EBC341EF19F504DC000B766C</key>
		<dict>
			<key>buildConfigurations</key>
			<array>
				<string>EBC341F019F504DC000B766C</string>
				<string>EBC341F119F504DC000B766C</string>
			</array>
			<key>defaultConfigurationIsVisible</key>
			<string>0</string>
			<key>defaultConfigurationName</key>
			<string>Release</string>
			<key>isa</key>
			<string>XCConfigurationList</string>
		</dict>
		<key>EBC341F019F504DC000B766C</key>
		<dict>
			<key>buildSettings</key>
			<dict>
				<key>BUNDLE_LOADER</key>
				<string>$(TEST_HOST)</string>
				<key>FRAMEWORK_SEARCH_PATHS</key>
				<array>
					<string>$(SDKROOT)/Developer/Library/Frameworks</string>
					<string>$(inherited)</string>
				</array>
				<key>GCC_PREPROCESSOR_DEFINITIONS</key>
				<array>
					<string>DEBUG=1</string>
					<string>$(inherited)</string>
				</array>
				<key>INFOPLIST_FILE</key>
				<string>testerTests/Info.plist</string>
				<key>LD_RUNPATH_SEARCH_PATHS</key>
				<string>$(inherited) @executable_path/Frameworks @loader_path/Frameworks</string>
				<key>PRODUCT_NAME</key>
				<string>$(TARGET_NAME)</string>
				<key>TEST_HOST</key>
				<string>$(BUILT_PRODUCTS_DIR)/tester.app/tester</string>
			</dict>
			<key>isa</key>
			<string>XCBuildConfiguration</string>
			<key>name</key>
			<string>Debug</string>
		</dict>
		<key>EBC341F119F504DC000B766C</key>
		<dict>
			<key>buildSettings</key>
			<dict>
				<key>BUNDLE_LOADER</key>
				<string>$(TEST_HOST)</string>
				<key>FRAMEWORK_SEARCH_PATHS</key>
				<array>
					<string>$(SDKROOT)/Developer/Library/Frameworks</string>
					<string>$(inherited)</string>
				</array>
				<key>INFOPLIST_FILE</key>
				<string>testerTests/Info.plist</string>
				<key>LD_RUNPATH_SEARCH_PATHS</key>
				<string>$(inherited) @executable_path/Frameworks @loader_path/Frameworks</string>
				<key>PRODUCT_NAME</key>
				<string>$(TARGET_NAME)</string>
				<key>TEST_HOST</key>
				<string>$(BUILT_PRODUCTS_DIR)/tester.app/tester</string>
			</dict>
			<key>isa</key>
			<string>XCBuildConfiguration</string>
			<key>name</key>
			<string>Release</string>
		</dict>
	</dict>
	<key>rootObject</key>
	<string>EBC341C119F504DC000B766C</string>
</dict>
</plist>
